// !$*UTF8*$!
{
	archiveVersion = 1;
	classes = {
	};
	objectVersion = 48;
	objects = {

/* Begin PBXBuildFile section */
		1DB7C6A820918B1900C53FBF /* BoothsInfo.swift in Sources */ = {isa = PBXBuildFile; fileRef = 1DB7C6A720918B1900C53FBF /* BoothsInfo.swift */; };
		2E10DEA4206CE46800F979C7 /* video.mp4 in Resources */ = {isa = PBXBuildFile; fileRef = 2E10DEA3206CE35F00F979C7 /* video.mp4 */; };
		2E2E4DBC20859EB600E13691 /* Reachability.swift in Sources */ = {isa = PBXBuildFile; fileRef = 2E2E4DBB20859EB600E13691 /* Reachability.swift */; };
		2E7E68E520A934950059732C /* RedemptionViewController.swift in Sources */ = {isa = PBXBuildFile; fileRef = 2E7E68E420A934950059732C /* RedemptionViewController.swift */; };
		2E7E68E720A93EE30059732C /* Assets.xcassets in Resources */ = {isa = PBXBuildFile; fileRef = 2E7E68E620A93EE20059732C /* Assets.xcassets */; };
		2E8866FD200475D20090BCAF /* AppDelegate.swift in Sources */ = {isa = PBXBuildFile; fileRef = 2E8866FC200475D20090BCAF /* AppDelegate.swift */; };
		2E886702200475D20090BCAF /* Main.storyboard in Resources */ = {isa = PBXBuildFile; fileRef = 2E886700200475D20090BCAF /* Main.storyboard */; };
		2E886707200475D20090BCAF /* LaunchScreen.storyboard in Resources */ = {isa = PBXBuildFile; fileRef = 2E886705200475D20090BCAF /* LaunchScreen.storyboard */; };
		2E886712200475D20090BCAF /* openhouse2018Tests.swift in Sources */ = {isa = PBXBuildFile; fileRef = 2E886711200475D20090BCAF /* openhouse2018Tests.swift */; };
		2E88671D200475D20090BCAF /* openhouse2018UITests.swift in Sources */ = {isa = PBXBuildFile; fileRef = 2E88671C200475D20090BCAF /* openhouse2018UITests.swift */; };
		2E8BBC3A20A98C83003C8C1A /* GoogleService-Info.plist in Resources */ = {isa = PBXBuildFile; fileRef = 2E8BBC3920A98C83003C8C1A /* GoogleService-Info.plist */; };
		2E95E79020807C7100D6801E /* MapViewController.swift in Sources */ = {isa = PBXBuildFile; fileRef = 2E95E78F20807C7100D6801E /* MapViewController.swift */; };
		2EA40B5A2004F1B5008364A8 /* MainViewController.swift in Sources */ = {isa = PBXBuildFile; fileRef = 2EA40B592004F1B5008364A8 /* MainViewController.swift */; };
		2EB9510B209B2C2200A72B43 /* ScheduleViewController.swift in Sources */ = {isa = PBXBuildFile; fileRef = 2EB9510A209B2C2200A72B43 /* ScheduleViewController.swift */; };
		2ED834542005CDCF00EDF91D /* AboutSSTViewController.swift in Sources */ = {isa = PBXBuildFile; fileRef = 2ED834532005CDCF00EDF91D /* AboutSSTViewController.swift */; };
		2EF4F44A207F92000037CB7C /* ComingNextViewController.swift in Sources */ = {isa = PBXBuildFile; fileRef = 2EF4F449207F92000037CB7C /* ComingNextViewController.swift */; };
		2EF4F44C207F92FE0037CB7C /* BoothsViewController.swift in Sources */ = {isa = PBXBuildFile; fileRef = 2EF4F44B207F92FE0037CB7C /* BoothsViewController.swift */; };
		47E0C8B598DAF228EB5D889F /* Pods_openhouse2018.framework in Frameworks */ = {isa = PBXBuildFile; fileRef = A34A0F24F33801605794CB49 /* Pods_openhouse2018.framework */; };
		7DB2AE55A577028E687982F7 /* Pods_openhouse2018UITests.framework in Frameworks */ = {isa = PBXBuildFile; fileRef = 2ED66DBB203672BC540BBF92 /* Pods_openhouse2018UITests.framework */; };
		D321298920AABC1A9BA5A9B3 /* Pods_openhouse2018Tests.framework in Frameworks */ = {isa = PBXBuildFile; fileRef = 4EBE631AE2E471C4F7FCF13E /* Pods_openhouse2018Tests.framework */; };
/* End PBXBuildFile section */

/* Begin PBXContainerItemProxy section */
		2E88670E200475D20090BCAF /* PBXContainerItemProxy */ = {
			isa = PBXContainerItemProxy;
			containerPortal = 2E8866F1200475D20090BCAF /* Project object */;
			proxyType = 1;
			remoteGlobalIDString = 2E8866F8200475D20090BCAF;
			remoteInfo = openhouse2018;
		};
		2E886719200475D20090BCAF /* PBXContainerItemProxy */ = {
			isa = PBXContainerItemProxy;
			containerPortal = 2E8866F1200475D20090BCAF /* Project object */;
			proxyType = 1;
			remoteGlobalIDString = 2E8866F8200475D20090BCAF;
			remoteInfo = openhouse2018;
		};
/* End PBXContainerItemProxy section */

/* Begin PBXFileReference section */
		1DB7C6A720918B1900C53FBF /* BoothsInfo.swift */ = {isa = PBXFileReference; lastKnownFileType = sourcecode.swift; path = BoothsInfo.swift; sourceTree = "<group>"; };
		2E10DEA3206CE35F00F979C7 /* video.mp4 */ = {isa = PBXFileReference; lastKnownFileType = file; path = video.mp4; sourceTree = "<group>"; };
		2E2E4DBB20859EB600E13691 /* Reachability.swift */ = {isa = PBXFileReference; lastKnownFileType = sourcecode.swift; path = Reachability.swift; sourceTree = "<group>"; };
		2E7E68E420A934950059732C /* RedemptionViewController.swift */ = {isa = PBXFileReference; lastKnownFileType = sourcecode.swift; path = RedemptionViewController.swift; sourceTree = "<group>"; };
		2E7E68E620A93EE20059732C /* Assets.xcassets */ = {isa = PBXFileReference; lastKnownFileType = folder.assetcatalog; path = Assets.xcassets; sourceTree = "<group>"; };
		2E8866F9200475D20090BCAF /* openhouse2018.app */ = {isa = PBXFileReference; explicitFileType = wrapper.application; includeInIndex = 0; path = openhouse2018.app; sourceTree = BUILT_PRODUCTS_DIR; };
		2E8866FC200475D20090BCAF /* AppDelegate.swift */ = {isa = PBXFileReference; lastKnownFileType = sourcecode.swift; path = AppDelegate.swift; sourceTree = "<group>"; };
		2E886701200475D20090BCAF /* Base */ = {isa = PBXFileReference; lastKnownFileType = file.storyboard; name = Base; path = Base.lproj/Main.storyboard; sourceTree = "<group>"; };
		2E886706200475D20090BCAF /* Base */ = {isa = PBXFileReference; lastKnownFileType = file.storyboard; name = Base; path = Base.lproj/LaunchScreen.storyboard; sourceTree = "<group>"; };
		2E886708200475D20090BCAF /* Info.plist */ = {isa = PBXFileReference; lastKnownFileType = text.plist.xml; path = Info.plist; sourceTree = "<group>"; };
		2E88670D200475D20090BCAF /* openhouse2018Tests.xctest */ = {isa = PBXFileReference; explicitFileType = wrapper.cfbundle; includeInIndex = 0; path = openhouse2018Tests.xctest; sourceTree = BUILT_PRODUCTS_DIR; };
		2E886711200475D20090BCAF /* openhouse2018Tests.swift */ = {isa = PBXFileReference; lastKnownFileType = sourcecode.swift; path = openhouse2018Tests.swift; sourceTree = "<group>"; };
		2E886713200475D20090BCAF /* Info.plist */ = {isa = PBXFileReference; lastKnownFileType = text.plist.xml; path = Info.plist; sourceTree = "<group>"; };
		2E886718200475D20090BCAF /* openhouse2018UITests.xctest */ = {isa = PBXFileReference; explicitFileType = wrapper.cfbundle; includeInIndex = 0; path = openhouse2018UITests.xctest; sourceTree = BUILT_PRODUCTS_DIR; };
		2E88671C200475D20090BCAF /* openhouse2018UITests.swift */ = {isa = PBXFileReference; lastKnownFileType = sourcecode.swift; path = openhouse2018UITests.swift; sourceTree = "<group>"; };
		2E88671E200475D30090BCAF /* Info.plist */ = {isa = PBXFileReference; lastKnownFileType = text.plist.xml; path = Info.plist; sourceTree = "<group>"; };
		2E8BBC3920A98C83003C8C1A /* GoogleService-Info.plist */ = {isa = PBXFileReference; fileEncoding = 4; lastKnownFileType = text.plist.xml; path = "GoogleService-Info.plist"; sourceTree = "<group>"; };
		2E95E78F20807C7100D6801E /* MapViewController.swift */ = {isa = PBXFileReference; lastKnownFileType = sourcecode.swift; path = MapViewController.swift; sourceTree = "<group>"; };
		2EA40B592004F1B5008364A8 /* MainViewController.swift */ = {isa = PBXFileReference; lastKnownFileType = sourcecode.swift; path = MainViewController.swift; sourceTree = "<group>"; };
		2EB9510A209B2C2200A72B43 /* ScheduleViewController.swift */ = {isa = PBXFileReference; lastKnownFileType = sourcecode.swift; path = ScheduleViewController.swift; sourceTree = "<group>"; };
		2ED66DBB203672BC540BBF92 /* Pods_openhouse2018UITests.framework */ = {isa = PBXFileReference; explicitFileType = wrapper.framework; includeInIndex = 0; path = Pods_openhouse2018UITests.framework; sourceTree = BUILT_PRODUCTS_DIR; };
		2ED834532005CDCF00EDF91D /* AboutSSTViewController.swift */ = {isa = PBXFileReference; lastKnownFileType = sourcecode.swift; path = AboutSSTViewController.swift; sourceTree = "<group>"; };
		2EF4F449207F92000037CB7C /* ComingNextViewController.swift */ = {isa = PBXFileReference; lastKnownFileType = sourcecode.swift; path = ComingNextViewController.swift; sourceTree = "<group>"; };
		2EF4F44B207F92FE0037CB7C /* BoothsViewController.swift */ = {isa = PBXFileReference; lastKnownFileType = sourcecode.swift; path = BoothsViewController.swift; sourceTree = "<group>"; };
		33B9947A7A2ED3C541B57B09 /* Pods-openhouse2018.release.xcconfig */ = {isa = PBXFileReference; includeInIndex = 1; lastKnownFileType = text.xcconfig; name = "Pods-openhouse2018.release.xcconfig"; path = "Pods/Target Support Files/Pods-openhouse2018/Pods-openhouse2018.release.xcconfig"; sourceTree = "<group>"; };
		4EBE631AE2E471C4F7FCF13E /* Pods_openhouse2018Tests.framework */ = {isa = PBXFileReference; explicitFileType = wrapper.framework; includeInIndex = 0; path = Pods_openhouse2018Tests.framework; sourceTree = BUILT_PRODUCTS_DIR; };
		6601FF1E00E3D3A10C082C1E /* Pods-openhouse2018UITests.debug.xcconfig */ = {isa = PBXFileReference; includeInIndex = 1; lastKnownFileType = text.xcconfig; name = "Pods-openhouse2018UITests.debug.xcconfig"; path = "Pods/Target Support Files/Pods-openhouse2018UITests/Pods-openhouse2018UITests.debug.xcconfig"; sourceTree = "<group>"; };
		A34A0F24F33801605794CB49 /* Pods_openhouse2018.framework */ = {isa = PBXFileReference; explicitFileType = wrapper.framework; includeInIndex = 0; path = Pods_openhouse2018.framework; sourceTree = BUILT_PRODUCTS_DIR; };
		AB8C224A40E2B65D30CC7BFD /* Pods-openhouse2018Tests.debug.xcconfig */ = {isa = PBXFileReference; includeInIndex = 1; lastKnownFileType = text.xcconfig; name = "Pods-openhouse2018Tests.debug.xcconfig"; path = "Pods/Target Support Files/Pods-openhouse2018Tests/Pods-openhouse2018Tests.debug.xcconfig"; sourceTree = "<group>"; };
		B146C29F86C0FE40543A4906 /* Pods-openhouse2018.debug.xcconfig */ = {isa = PBXFileReference; includeInIndex = 1; lastKnownFileType = text.xcconfig; name = "Pods-openhouse2018.debug.xcconfig"; path = "Pods/Target Support Files/Pods-openhouse2018/Pods-openhouse2018.debug.xcconfig"; sourceTree = "<group>"; };
		B4D5CFF49CC2A51F0AE758C7 /* Pods-openhouse2018Tests.release.xcconfig */ = {isa = PBXFileReference; includeInIndex = 1; lastKnownFileType = text.xcconfig; name = "Pods-openhouse2018Tests.release.xcconfig"; path = "Pods/Target Support Files/Pods-openhouse2018Tests/Pods-openhouse2018Tests.release.xcconfig"; sourceTree = "<group>"; };
		C2F632F0B5CFBED23692BD8A /* Pods-openhouse2018UITests.release.xcconfig */ = {isa = PBXFileReference; includeInIndex = 1; lastKnownFileType = text.xcconfig; name = "Pods-openhouse2018UITests.release.xcconfig"; path = "Pods/Target Support Files/Pods-openhouse2018UITests/Pods-openhouse2018UITests.release.xcconfig"; sourceTree = "<group>"; };
/* End PBXFileReference section */

/* Begin PBXFrameworksBuildPhase section */
		2E8866F6200475D20090BCAF /* Frameworks */ = {
			isa = PBXFrameworksBuildPhase;
			buildActionMask = 2147483647;
			files = (
				47E0C8B598DAF228EB5D889F /* Pods_openhouse2018.framework in Frameworks */,
			);
			runOnlyForDeploymentPostprocessing = 0;
		};
		2E88670A200475D20090BCAF /* Frameworks */ = {
			isa = PBXFrameworksBuildPhase;
			buildActionMask = 2147483647;
			files = (
				D321298920AABC1A9BA5A9B3 /* Pods_openhouse2018Tests.framework in Frameworks */,
			);
			runOnlyForDeploymentPostprocessing = 0;
		};
		2E886715200475D20090BCAF /* Frameworks */ = {
			isa = PBXFrameworksBuildPhase;
			buildActionMask = 2147483647;
			files = (
				7DB2AE55A577028E687982F7 /* Pods_openhouse2018UITests.framework in Frameworks */,
			);
			runOnlyForDeploymentPostprocessing = 0;
		};
/* End PBXFrameworksBuildPhase section */

/* Begin PBXGroup section */
		1DB7C6A620918B0200C53FBF /* Booths */ = {
			isa = PBXGroup;
			children = (
				2EF4F44B207F92FE0037CB7C /* BoothsViewController.swift */,
				1DB7C6A720918B1900C53FBF /* BoothsInfo.swift */,
			);
			path = Booths;
			sourceTree = "<group>";
		};
		2E8866F0200475D20090BCAF = {
			isa = PBXGroup;
			children = (
				2E8866FB200475D20090BCAF /* openhouse2018 */,
				2E886710200475D20090BCAF /* openhouse2018Tests */,
				2E88671B200475D20090BCAF /* openhouse2018UITests */,
				2E8866FA200475D20090BCAF /* Products */,
				5DF25E37310597FED817A385 /* Pods */,
				C500CEA20A4DB10A25E219B7 /* Frameworks */,
			);
			sourceTree = "<group>";
		};
		2E8866FA200475D20090BCAF /* Products */ = {
			isa = PBXGroup;
			children = (
				2E8866F9200475D20090BCAF /* openhouse2018.app */,
				2E88670D200475D20090BCAF /* openhouse2018Tests.xctest */,
				2E886718200475D20090BCAF /* openhouse2018UITests.xctest */,
			);
			name = Products;
			sourceTree = "<group>";
		};
		2E8866FB200475D20090BCAF /* openhouse2018 */ = {
			isa = PBXGroup;
			children = (
				2E8866FC200475D20090BCAF /* AppDelegate.swift */,
				2E2E4DBB20859EB600E13691 /* Reachability.swift */,
				2EA40B592004F1B5008364A8 /* MainViewController.swift */,
				2ED834532005CDCF00EDF91D /* AboutSSTViewController.swift */,
				2EF4F449207F92000037CB7C /* ComingNextViewController.swift */,
				1DB7C6A620918B0200C53FBF /* Booths */,
				2E95E78F20807C7100D6801E /* MapViewController.swift */,
				2EB9510A209B2C2200A72B43 /* ScheduleViewController.swift */,
				2E7E68E420A934950059732C /* RedemptionViewController.swift */,
				2E886700200475D20090BCAF /* Main.storyboard */,
				2E886705200475D20090BCAF /* LaunchScreen.storyboard */,
				2E7E68E620A93EE20059732C /* Assets.xcassets */,
				2E886708200475D20090BCAF /* Info.plist */,
				2E8BBC3920A98C83003C8C1A /* GoogleService-Info.plist */,
				2EA027782085A2B0002BEB67 /* Assets */,
			);
			path = openhouse2018;
			sourceTree = "<group>";
		};
		2E886710200475D20090BCAF /* openhouse2018Tests */ = {
			isa = PBXGroup;
			children = (
				2E886711200475D20090BCAF /* openhouse2018Tests.swift */,
				2E886713200475D20090BCAF /* Info.plist */,
			);
			path = openhouse2018Tests;
			sourceTree = "<group>";
		};
		2E88671B200475D20090BCAF /* openhouse2018UITests */ = {
			isa = PBXGroup;
			children = (
				2E88671C200475D20090BCAF /* openhouse2018UITests.swift */,
				2E88671E200475D30090BCAF /* Info.plist */,
			);
			path = openhouse2018UITests;
			sourceTree = "<group>";
		};
		2EA027782085A2B0002BEB67 /* Assets */ = {
			isa = PBXGroup;
			children = (
				2E10DEA3206CE35F00F979C7 /* video.mp4 */,
			);
			path = Assets;
			sourceTree = "<group>";
		};
		5DF25E37310597FED817A385 /* Pods */ = {
			isa = PBXGroup;
			children = (
				B146C29F86C0FE40543A4906 /* Pods-openhouse2018.debug.xcconfig */,
				33B9947A7A2ED3C541B57B09 /* Pods-openhouse2018.release.xcconfig */,
				AB8C224A40E2B65D30CC7BFD /* Pods-openhouse2018Tests.debug.xcconfig */,
				B4D5CFF49CC2A51F0AE758C7 /* Pods-openhouse2018Tests.release.xcconfig */,
				6601FF1E00E3D3A10C082C1E /* Pods-openhouse2018UITests.debug.xcconfig */,
				C2F632F0B5CFBED23692BD8A /* Pods-openhouse2018UITests.release.xcconfig */,
			);
			name = Pods;
			sourceTree = "<group>";
		};
		C500CEA20A4DB10A25E219B7 /* Frameworks */ = {
			isa = PBXGroup;
			children = (
				A34A0F24F33801605794CB49 /* Pods_openhouse2018.framework */,
				4EBE631AE2E471C4F7FCF13E /* Pods_openhouse2018Tests.framework */,
				2ED66DBB203672BC540BBF92 /* Pods_openhouse2018UITests.framework */,
			);
			name = Frameworks;
			sourceTree = "<group>";
		};
/* End PBXGroup section */

/* Begin PBXNativeTarget section */
		2E8866F8200475D20090BCAF /* openhouse2018 */ = {
			isa = PBXNativeTarget;
			buildConfigurationList = 2E886721200475D30090BCAF /* Build configuration list for PBXNativeTarget "openhouse2018" */;
			buildPhases = (
				A560087E89B36B92A0864A6C /* [CP] Check Pods Manifest.lock */,
				2E8866F5200475D20090BCAF /* Sources */,
				2E8866F6200475D20090BCAF /* Frameworks */,
				2E8866F7200475D20090BCAF /* Resources */,
				69B436466F79E189B2013D72 /* [CP] Embed Pods Frameworks */,
			);
			buildRules = (
			);
			dependencies = (
			);
			name = openhouse2018;
			productName = openhouse2018;
			productReference = 2E8866F9200475D20090BCAF /* openhouse2018.app */;
			productType = "com.apple.product-type.application";
		};
		2E88670C200475D20090BCAF /* openhouse2018Tests */ = {
			isa = PBXNativeTarget;
			buildConfigurationList = 2E886724200475D30090BCAF /* Build configuration list for PBXNativeTarget "openhouse2018Tests" */;
			buildPhases = (
				AAD2F1775218D3B21C880F3C /* [CP] Check Pods Manifest.lock */,
				2E886709200475D20090BCAF /* Sources */,
				2E88670A200475D20090BCAF /* Frameworks */,
				2E88670B200475D20090BCAF /* Resources */,
			);
			buildRules = (
			);
			dependencies = (
				2E88670F200475D20090BCAF /* PBXTargetDependency */,
			);
			name = openhouse2018Tests;
			productName = openhouse2018Tests;
			productReference = 2E88670D200475D20090BCAF /* openhouse2018Tests.xctest */;
			productType = "com.apple.product-type.bundle.unit-test";
		};
		2E886717200475D20090BCAF /* openhouse2018UITests */ = {
			isa = PBXNativeTarget;
			buildConfigurationList = 2E886727200475D30090BCAF /* Build configuration list for PBXNativeTarget "openhouse2018UITests" */;
			buildPhases = (
				E2049BA9BAE97B0885F015EF /* [CP] Check Pods Manifest.lock */,
				2E886714200475D20090BCAF /* Sources */,
				2E886715200475D20090BCAF /* Frameworks */,
				2E886716200475D20090BCAF /* Resources */,
			);
			buildRules = (
			);
			dependencies = (
				2E88671A200475D20090BCAF /* PBXTargetDependency */,
			);
			name = openhouse2018UITests;
			productName = openhouse2018UITests;
			productReference = 2E886718200475D20090BCAF /* openhouse2018UITests.xctest */;
			productType = "com.apple.product-type.bundle.ui-testing";
		};
/* End PBXNativeTarget section */

/* Begin PBXProject section */
		2E8866F1200475D20090BCAF /* Project object */ = {
			isa = PBXProject;
			attributes = {
				LastSwiftUpdateCheck = 0900;
				LastUpgradeCheck = 0930;
				ORGANIZATIONNAME = "Robin Vinod";
				TargetAttributes = {
					2E8866F8200475D20090BCAF = {
						CreatedOnToolsVersion = 9.0;
						ProvisioningStyle = Automatic;
					};
					2E88670C200475D20090BCAF = {
						CreatedOnToolsVersion = 9.0;
						ProvisioningStyle = Automatic;
						TestTargetID = 2E8866F8200475D20090BCAF;
					};
					2E886717200475D20090BCAF = {
						CreatedOnToolsVersion = 9.0;
						ProvisioningStyle = Automatic;
						TestTargetID = 2E8866F8200475D20090BCAF;
					};
				};
			};
			buildConfigurationList = 2E8866F4200475D20090BCAF /* Build configuration list for PBXProject "openhouse2018" */;
			compatibilityVersion = "Xcode 8.0";
			developmentRegion = en;
			hasScannedForEncodings = 0;
			knownRegions = (
				en,
				Base,
			);
			mainGroup = 2E8866F0200475D20090BCAF;
			productRefGroup = 2E8866FA200475D20090BCAF /* Products */;
			projectDirPath = "";
			projectRoot = "";
			targets = (
				2E8866F8200475D20090BCAF /* openhouse2018 */,
				2E88670C200475D20090BCAF /* openhouse2018Tests */,
				2E886717200475D20090BCAF /* openhouse2018UITests */,
			);
		};
/* End PBXProject section */

/* Begin PBXResourcesBuildPhase section */
		2E8866F7200475D20090BCAF /* Resources */ = {
			isa = PBXResourcesBuildPhase;
			buildActionMask = 2147483647;
			files = (
				2E10DEA4206CE46800F979C7 /* video.mp4 in Resources */,
				2E886707200475D20090BCAF /* LaunchScreen.storyboard in Resources */,
				2E8BBC3A20A98C83003C8C1A /* GoogleService-Info.plist in Resources */,
				2E7E68E720A93EE30059732C /* Assets.xcassets in Resources */,
				2E886702200475D20090BCAF /* Main.storyboard in Resources */,
			);
			runOnlyForDeploymentPostprocessing = 0;
		};
		2E88670B200475D20090BCAF /* Resources */ = {
			isa = PBXResourcesBuildPhase;
			buildActionMask = 2147483647;
			files = (
			);
			runOnlyForDeploymentPostprocessing = 0;
		};
		2E886716200475D20090BCAF /* Resources */ = {
			isa = PBXResourcesBuildPhase;
			buildActionMask = 2147483647;
			files = (
			);
			runOnlyForDeploymentPostprocessing = 0;
		};
/* End PBXResourcesBuildPhase section */

/* Begin PBXShellScriptBuildPhase section */
		69B436466F79E189B2013D72 /* [CP] Embed Pods Frameworks */ = {
			isa = PBXShellScriptBuildPhase;
			buildActionMask = 2147483647;
			files = (
			);
			inputPaths = (
				"${SRCROOT}/Pods/Target Support Files/Pods-openhouse2018/Pods-openhouse2018-frameworks.sh",
				"${BUILT_PRODUCTS_DIR}/Cards/Cards.framework",
				"${BUILT_PRODUCTS_DIR}/GoogleToolboxForMac/GoogleToolboxForMac.framework",
				"${BUILT_PRODUCTS_DIR}/Player/Player.framework",
				"${BUILT_PRODUCTS_DIR}/SwiftMessages/SwiftMessages.framework",
				"${BUILT_PRODUCTS_DIR}/leveldb-library/leveldb.framework",
				"${BUILT_PRODUCTS_DIR}/nanopb/nanopb.framework",
			);
			name = "[CP] Embed Pods Frameworks";
			outputPaths = (
				"${TARGET_BUILD_DIR}/${FRAMEWORKS_FOLDER_PATH}/Cards.framework",
				"${TARGET_BUILD_DIR}/${FRAMEWORKS_FOLDER_PATH}/GoogleToolboxForMac.framework",
				"${TARGET_BUILD_DIR}/${FRAMEWORKS_FOLDER_PATH}/Player.framework",
				"${TARGET_BUILD_DIR}/${FRAMEWORKS_FOLDER_PATH}/SwiftMessages.framework",
				"${TARGET_BUILD_DIR}/${FRAMEWORKS_FOLDER_PATH}/leveldb.framework",
				"${TARGET_BUILD_DIR}/${FRAMEWORKS_FOLDER_PATH}/nanopb.framework",
			);
			runOnlyForDeploymentPostprocessing = 0;
			shellPath = /bin/sh;
			shellScript = "\"${SRCROOT}/Pods/Target Support Files/Pods-openhouse2018/Pods-openhouse2018-frameworks.sh\"\n";
			showEnvVarsInLog = 0;
		};
		A560087E89B36B92A0864A6C /* [CP] Check Pods Manifest.lock */ = {
			isa = PBXShellScriptBuildPhase;
			buildActionMask = 2147483647;
			files = (
			);
			inputPaths = (
				"${PODS_PODFILE_DIR_PATH}/Podfile.lock",
				"${PODS_ROOT}/Manifest.lock",
			);
			name = "[CP] Check Pods Manifest.lock";
			outputPaths = (
				"$(DERIVED_FILE_DIR)/Pods-openhouse2018-checkManifestLockResult.txt",
			);
			runOnlyForDeploymentPostprocessing = 0;
			shellPath = /bin/sh;
			shellScript = "diff \"${PODS_PODFILE_DIR_PATH}/Podfile.lock\" \"${PODS_ROOT}/Manifest.lock\" > /dev/null\nif [ $? != 0 ] ; then\n    # print error to STDERR\n    echo \"error: The sandbox is not in sync with the Podfile.lock. Run 'pod install' or update your CocoaPods installation.\" >&2\n    exit 1\nfi\n# This output is used by Xcode 'outputs' to avoid re-running this script phase.\necho \"SUCCESS\" > \"${SCRIPT_OUTPUT_FILE_0}\"\n";
			showEnvVarsInLog = 0;
		};
		AAD2F1775218D3B21C880F3C /* [CP] Check Pods Manifest.lock */ = {
			isa = PBXShellScriptBuildPhase;
			buildActionMask = 2147483647;
			files = (
			);
			inputPaths = (
				"${PODS_PODFILE_DIR_PATH}/Podfile.lock",
				"${PODS_ROOT}/Manifest.lock",
			);
			name = "[CP] Check Pods Manifest.lock";
			outputPaths = (
				"$(DERIVED_FILE_DIR)/Pods-openhouse2018Tests-checkManifestLockResult.txt",
			);
			runOnlyForDeploymentPostprocessing = 0;
			shellPath = /bin/sh;
			shellScript = "diff \"${PODS_PODFILE_DIR_PATH}/Podfile.lock\" \"${PODS_ROOT}/Manifest.lock\" > /dev/null\nif [ $? != 0 ] ; then\n    # print error to STDERR\n    echo \"error: The sandbox is not in sync with the Podfile.lock. Run 'pod install' or update your CocoaPods installation.\" >&2\n    exit 1\nfi\n# This output is used by Xcode 'outputs' to avoid re-running this script phase.\necho \"SUCCESS\" > \"${SCRIPT_OUTPUT_FILE_0}\"\n";
			showEnvVarsInLog = 0;
		};
		E2049BA9BAE97B0885F015EF /* [CP] Check Pods Manifest.lock */ = {
			isa = PBXShellScriptBuildPhase;
			buildActionMask = 2147483647;
			files = (
			);
			inputPaths = (
				"${PODS_PODFILE_DIR_PATH}/Podfile.lock",
				"${PODS_ROOT}/Manifest.lock",
			);
			name = "[CP] Check Pods Manifest.lock";
			outputPaths = (
				"$(DERIVED_FILE_DIR)/Pods-openhouse2018UITests-checkManifestLockResult.txt",
			);
			runOnlyForDeploymentPostprocessing = 0;
			shellPath = /bin/sh;
			shellScript = "diff \"${PODS_PODFILE_DIR_PATH}/Podfile.lock\" \"${PODS_ROOT}/Manifest.lock\" > /dev/null\nif [ $? != 0 ] ; then\n    # print error to STDERR\n    echo \"error: The sandbox is not in sync with the Podfile.lock. Run 'pod install' or update your CocoaPods installation.\" >&2\n    exit 1\nfi\n# This output is used by Xcode 'outputs' to avoid re-running this script phase.\necho \"SUCCESS\" > \"${SCRIPT_OUTPUT_FILE_0}\"\n";
			showEnvVarsInLog = 0;
		};
/* End PBXShellScriptBuildPhase section */

/* Begin PBXSourcesBuildPhase section */
		2E8866F5200475D20090BCAF /* Sources */ = {
			isa = PBXSourcesBuildPhase;
			buildActionMask = 2147483647;
			files = (
				2EF4F44A207F92000037CB7C /* ComingNextViewController.swift in Sources */,
				2E95E79020807C7100D6801E /* MapViewController.swift in Sources */,
				2E8866FD200475D20090BCAF /* AppDelegate.swift in Sources */,
				2EB9510B209B2C2200A72B43 /* ScheduleViewController.swift in Sources */,
				1DB7C6A820918B1900C53FBF /* BoothsInfo.swift in Sources */,
				2ED834542005CDCF00EDF91D /* AboutSSTViewController.swift in Sources */,
				2EA40B5A2004F1B5008364A8 /* MainViewController.swift in Sources */,
				2E7E68E520A934950059732C /* RedemptionViewController.swift in Sources */,
				2E2E4DBC20859EB600E13691 /* Reachability.swift in Sources */,
				2EF4F44C207F92FE0037CB7C /* BoothsViewController.swift in Sources */,
			);
			runOnlyForDeploymentPostprocessing = 0;
		};
		2E886709200475D20090BCAF /* Sources */ = {
			isa = PBXSourcesBuildPhase;
			buildActionMask = 2147483647;
			files = (
				2E886712200475D20090BCAF /* openhouse2018Tests.swift in Sources */,
			);
			runOnlyForDeploymentPostprocessing = 0;
		};
		2E886714200475D20090BCAF /* Sources */ = {
			isa = PBXSourcesBuildPhase;
			buildActionMask = 2147483647;
			files = (
				2E88671D200475D20090BCAF /* openhouse2018UITests.swift in Sources */,
			);
			runOnlyForDeploymentPostprocessing = 0;
		};
/* End PBXSourcesBuildPhase section */

/* Begin PBXTargetDependency section */
		2E88670F200475D20090BCAF /* PBXTargetDependency */ = {
			isa = PBXTargetDependency;
			target = 2E8866F8200475D20090BCAF /* openhouse2018 */;
			targetProxy = 2E88670E200475D20090BCAF /* PBXContainerItemProxy */;
		};
		2E88671A200475D20090BCAF /* PBXTargetDependency */ = {
			isa = PBXTargetDependency;
			target = 2E8866F8200475D20090BCAF /* openhouse2018 */;
			targetProxy = 2E886719200475D20090BCAF /* PBXContainerItemProxy */;
		};
/* End PBXTargetDependency section */

/* Begin PBXVariantGroup section */
		2E886700200475D20090BCAF /* Main.storyboard */ = {
			isa = PBXVariantGroup;
			children = (
				2E886701200475D20090BCAF /* Base */,
			);
			name = Main.storyboard;
			sourceTree = "<group>";
		};
		2E886705200475D20090BCAF /* LaunchScreen.storyboard */ = {
			isa = PBXVariantGroup;
			children = (
				2E886706200475D20090BCAF /* Base */,
			);
			name = LaunchScreen.storyboard;
			sourceTree = "<group>";
		};
/* End PBXVariantGroup section */

/* Begin XCBuildConfiguration section */
		2E88671F200475D30090BCAF /* Debug */ = {
			isa = XCBuildConfiguration;
			buildSettings = {
				ALWAYS_SEARCH_USER_PATHS = NO;
				CLANG_ANALYZER_NONNULL = YES;
				CLANG_ANALYZER_NUMBER_OBJECT_CONVERSION = YES_AGGRESSIVE;
				CLANG_CXX_LANGUAGE_STANDARD = "gnu++14";
				CLANG_CXX_LIBRARY = "libc++";
				CLANG_ENABLE_MODULES = YES;
				CLANG_ENABLE_OBJC_ARC = YES;
				CLANG_WARN_BLOCK_CAPTURE_AUTORELEASING = YES;
				CLANG_WARN_BOOL_CONVERSION = YES;
				CLANG_WARN_COMMA = YES;
				CLANG_WARN_CONSTANT_CONVERSION = YES;
				CLANG_WARN_DEPRECATED_OBJC_IMPLEMENTATIONS = YES;
				CLANG_WARN_DIRECT_OBJC_ISA_USAGE = YES_ERROR;
				CLANG_WARN_DOCUMENTATION_COMMENTS = YES;
				CLANG_WARN_EMPTY_BODY = YES;
				CLANG_WARN_ENUM_CONVERSION = YES;
				CLANG_WARN_INFINITE_RECURSION = YES;
				CLANG_WARN_INT_CONVERSION = YES;
				CLANG_WARN_NON_LITERAL_NULL_CONVERSION = YES;
				CLANG_WARN_OBJC_IMPLICIT_RETAIN_SELF = YES;
				CLANG_WARN_OBJC_LITERAL_CONVERSION = YES;
				CLANG_WARN_OBJC_ROOT_CLASS = YES_ERROR;
				CLANG_WARN_RANGE_LOOP_ANALYSIS = YES;
				CLANG_WARN_STRICT_PROTOTYPES = YES;
				CLANG_WARN_SUSPICIOUS_MOVE = YES;
				CLANG_WARN_UNGUARDED_AVAILABILITY = YES_AGGRESSIVE;
				CLANG_WARN_UNREACHABLE_CODE = YES;
				CLANG_WARN__DUPLICATE_METHOD_MATCH = YES;
				CODE_SIGN_IDENTITY = "iPhone Developer";
				COPY_PHASE_STRIP = NO;
				DEBUG_INFORMATION_FORMAT = dwarf;
				ENABLE_STRICT_OBJC_MSGSEND = YES;
				ENABLE_TESTABILITY = YES;
				GCC_C_LANGUAGE_STANDARD = gnu11;
				GCC_DYNAMIC_NO_PIC = NO;
				GCC_NO_COMMON_BLOCKS = YES;
				GCC_OPTIMIZATION_LEVEL = 0;
				GCC_PREPROCESSOR_DEFINITIONS = (
					"DEBUG=1",
					"$(inherited)",
				);
				GCC_WARN_64_TO_32_BIT_CONVERSION = YES;
				GCC_WARN_ABOUT_RETURN_TYPE = YES_ERROR;
				GCC_WARN_UNDECLARED_SELECTOR = YES;
				GCC_WARN_UNINITIALIZED_AUTOS = YES_AGGRESSIVE;
				GCC_WARN_UNUSED_FUNCTION = YES;
				GCC_WARN_UNUSED_VARIABLE = YES;
				IPHONEOS_DEPLOYMENT_TARGET = 11.0;
				MTL_ENABLE_DEBUG_INFO = YES;
				ONLY_ACTIVE_ARCH = YES;
				SDKROOT = iphoneos;
				SWIFT_ACTIVE_COMPILATION_CONDITIONS = DEBUG;
				SWIFT_OPTIMIZATION_LEVEL = "-Onone";
			};
			name = Debug;
		};
		2E886720200475D30090BCAF /* Release */ = {
			isa = XCBuildConfiguration;
			buildSettings = {
				ALWAYS_SEARCH_USER_PATHS = NO;
				CLANG_ANALYZER_NONNULL = YES;
				CLANG_ANALYZER_NUMBER_OBJECT_CONVERSION = YES_AGGRESSIVE;
				CLANG_CXX_LANGUAGE_STANDARD = "gnu++14";
				CLANG_CXX_LIBRARY = "libc++";
				CLANG_ENABLE_MODULES = YES;
				CLANG_ENABLE_OBJC_ARC = YES;
				CLANG_WARN_BLOCK_CAPTURE_AUTORELEASING = YES;
				CLANG_WARN_BOOL_CONVERSION = YES;
				CLANG_WARN_COMMA = YES;
				CLANG_WARN_CONSTANT_CONVERSION = YES;
				CLANG_WARN_DEPRECATED_OBJC_IMPLEMENTATIONS = YES;
				CLANG_WARN_DIRECT_OBJC_ISA_USAGE = YES_ERROR;
				CLANG_WARN_DOCUMENTATION_COMMENTS = YES;
				CLANG_WARN_EMPTY_BODY = YES;
				CLANG_WARN_ENUM_CONVERSION = YES;
				CLANG_WARN_INFINITE_RECURSION = YES;
				CLANG_WARN_INT_CONVERSION = YES;
				CLANG_WARN_NON_LITERAL_NULL_CONVERSION = YES;
				CLANG_WARN_OBJC_IMPLICIT_RETAIN_SELF = YES;
				CLANG_WARN_OBJC_LITERAL_CONVERSION = YES;
				CLANG_WARN_OBJC_ROOT_CLASS = YES_ERROR;
				CLANG_WARN_RANGE_LOOP_ANALYSIS = YES;
				CLANG_WARN_STRICT_PROTOTYPES = YES;
				CLANG_WARN_SUSPICIOUS_MOVE = YES;
				CLANG_WARN_UNGUARDED_AVAILABILITY = YES_AGGRESSIVE;
				CLANG_WARN_UNREACHABLE_CODE = YES;
				CLANG_WARN__DUPLICATE_METHOD_MATCH = YES;
				CODE_SIGN_IDENTITY = "iPhone Developer";
				COPY_PHASE_STRIP = NO;
				DEBUG_INFORMATION_FORMAT = "dwarf-with-dsym";
				ENABLE_NS_ASSERTIONS = NO;
				ENABLE_STRICT_OBJC_MSGSEND = YES;
				GCC_C_LANGUAGE_STANDARD = gnu11;
				GCC_NO_COMMON_BLOCKS = YES;
				GCC_WARN_64_TO_32_BIT_CONVERSION = YES;
				GCC_WARN_ABOUT_RETURN_TYPE = YES_ERROR;
				GCC_WARN_UNDECLARED_SELECTOR = YES;
				GCC_WARN_UNINITIALIZED_AUTOS = YES_AGGRESSIVE;
				GCC_WARN_UNUSED_FUNCTION = YES;
				GCC_WARN_UNUSED_VARIABLE = YES;
				IPHONEOS_DEPLOYMENT_TARGET = 11.0;
				MTL_ENABLE_DEBUG_INFO = NO;
				SDKROOT = iphoneos;
				SWIFT_OPTIMIZATION_LEVEL = "-Owholemodule";
				VALIDATE_PRODUCT = YES;
			};
			name = Release;
		};
		2E886722200475D30090BCAF /* Debug */ = {
			isa = XCBuildConfiguration;
			baseConfigurationReference = B146C29F86C0FE40543A4906 /* Pods-openhouse2018.debug.xcconfig */;
			buildSettings = {
				ASSETCATALOG_COMPILER_APPICON_NAME = AppIcon;
				CODE_SIGN_STYLE = Automatic;
				DEVELOPMENT_TEAM = 7K6ZTDFM48;
				FRAMEWORK_SEARCH_PATHS = (
					"$(inherited)",
					"$(PROJECT_DIR)/Carthage/Build/iOS",
				);
				INFOPLIST_FILE = openhouse2018/Info.plist;
				IPHONEOS_DEPLOYMENT_TARGET = 10.0;
				LD_RUNPATH_SEARCH_PATHS = "$(inherited) @executable_path/Frameworks";
				PRODUCT_BUNDLE_IDENTIFIER = com.robinvvinod.openhouse2018;
				PRODUCT_NAME = "$(TARGET_NAME)";
				SWIFT_VERSION = 4.0;
				TARGETED_DEVICE_FAMILY = 1;
			};
			name = Debug;
		};
		2E886723200475D30090BCAF /* Release */ = {
			isa = XCBuildConfiguration;
			baseConfigurationReference = 33B9947A7A2ED3C541B57B09 /* Pods-openhouse2018.release.xcconfig */;
			buildSettings = {
				ASSETCATALOG_COMPILER_APPICON_NAME = AppIcon;
				CODE_SIGN_STYLE = Automatic;
				DEVELOPMENT_TEAM = 7K6ZTDFM48;
				FRAMEWORK_SEARCH_PATHS = (
					"$(inherited)",
					"$(PROJECT_DIR)/Carthage/Build/iOS",
				);
				INFOPLIST_FILE = openhouse2018/Info.plist;
				IPHONEOS_DEPLOYMENT_TARGET = 10.0;
				LD_RUNPATH_SEARCH_PATHS = "$(inherited) @executable_path/Frameworks";
				PRODUCT_BUNDLE_IDENTIFIER = com.robinvvinod.openhouse2018;
				PRODUCT_NAME = "$(TARGET_NAME)";
				SWIFT_VERSION = 4.0;
				TARGETED_DEVICE_FAMILY = 1;
			};
			name = Release;
		};
		2E886725200475D30090BCAF /* Debug */ = {
			isa = XCBuildConfiguration;
			baseConfigurationReference = AB8C224A40E2B65D30CC7BFD /* Pods-openhouse2018Tests.debug.xcconfig */;
			buildSettings = {
				ALWAYS_EMBED_SWIFT_STANDARD_LIBRARIES = YES;
				BUNDLE_LOADER = "$(TEST_HOST)";
				CODE_SIGN_STYLE = Automatic;
				DEVELOPMENT_TEAM = 7K6ZTDFM48;
				INFOPLIST_FILE = openhouse2018Tests/Info.plist;
				LD_RUNPATH_SEARCH_PATHS = "$(inherited) @executable_path/Frameworks @loader_path/Frameworks";
				PRODUCT_BUNDLE_IDENTIFIER = robinvvinod.openhouse2018Tests;
				PRODUCT_NAME = "$(TARGET_NAME)";
				SWIFT_VERSION = 4.0;
				TARGETED_DEVICE_FAMILY = "1,2";
				TEST_HOST = "$(BUILT_PRODUCTS_DIR)/openhouse2018.app/openhouse2018";
			};
			name = Debug;
		};
		2E886726200475D30090BCAF /* Release */ = {
			isa = XCBuildConfiguration;
			baseConfigurationReference = B4D5CFF49CC2A51F0AE758C7 /* Pods-openhouse2018Tests.release.xcconfig */;
			buildSettings = {
				ALWAYS_EMBED_SWIFT_STANDARD_LIBRARIES = YES;
				BUNDLE_LOADER = "$(TEST_HOST)";
				CODE_SIGN_STYLE = Automatic;
				DEVELOPMENT_TEAM = 7K6ZTDFM48;
				INFOPLIST_FILE = openhouse2018Tests/Info.plist;
				LD_RUNPATH_SEARCH_PATHS = "$(inherited) @executable_path/Frameworks @loader_path/Frameworks";
				PRODUCT_BUNDLE_IDENTIFIER = robinvvinod.openhouse2018Tests;
				PRODUCT_NAME = "$(TARGET_NAME)";
				SWIFT_VERSION = 4.0;
				TARGETED_DEVICE_FAMILY = "1,2";
				TEST_HOST = "$(BUILT_PRODUCTS_DIR)/openhouse2018.app/openhouse2018";
			};
			name = Release;
		};
		2E886728200475D30090BCAF /* Debug */ = {
			isa = XCBuildConfiguration;
			baseConfigurationReference = 6601FF1E00E3D3A10C082C1E /* Pods-openhouse2018UITests.debug.xcconfig */;
			buildSettings = {
				ALWAYS_EMBED_SWIFT_STANDARD_LIBRARIES = YES;
				CODE_SIGN_STYLE = Automatic;
				DEVELOPMENT_TEAM = 7K6ZTDFM48;
				INFOPLIST_FILE = openhouse2018UITests/Info.plist;
				LD_RUNPATH_SEARCH_PATHS = "$(inherited) @executable_path/Frameworks @loader_path/Frameworks";
				PRODUCT_BUNDLE_IDENTIFIER = robinvvinod.openhouse2018UITests;
				PRODUCT_NAME = "$(TARGET_NAME)";
				SWIFT_VERSION = 4.0;
				TARGETED_DEVICE_FAMILY = "1,2";
				TEST_TARGET_NAME = openhouse2018;
			};
			name = Debug;
		};
		2E886729200475D30090BCAF /* Release */ = {
			isa = XCBuildConfiguration;
			baseConfigurationReference = C2F632F0B5CFBED23692BD8A /* Pods-openhouse2018UITests.release.xcconfig */;
			buildSettings = {
				ALWAYS_EMBED_SWIFT_STANDARD_LIBRARIES = YES;
				CODE_SIGN_STYLE = Automatic;
				DEVELOPMENT_TEAM = 7K6ZTDFM48;
				INFOPLIST_FILE = openhouse2018UITests/Info.plist;
				LD_RUNPATH_SEARCH_PATHS = "$(inherited) @executable_path/Frameworks @loader_path/Frameworks";
				PRODUCT_BUNDLE_IDENTIFIER = robinvvinod.openhouse2018UITests;
				PRODUCT_NAME = "$(TARGET_NAME)";
				SWIFT_VERSION = 4.0;
				TARGETED_DEVICE_FAMILY = "1,2";
				TEST_TARGET_NAME = openhouse2018;
			};
			name = Release;
		};
/* End XCBuildConfiguration section */

/* Begin XCConfigurationList section */
		2E8866F4200475D20090BCAF /* Build configuration list for PBXProject "openhouse2018" */ = {
			isa = XCConfigurationList;
			buildConfigurations = (
				2E88671F200475D30090BCAF /* Debug */,
				2E886720200475D30090BCAF /* Release */,
			);
			defaultConfigurationIsVisible = 0;
			defaultConfigurationName = Release;
		};
		2E886721200475D30090BCAF /* Build configuration list for PBXNativeTarget "openhouse2018" */ = {
			isa = XCConfigurationList;
			buildConfigurations = (
				2E886722200475D30090BCAF /* Debug */,
				2E886723200475D30090BCAF /* Release */,
			);
			defaultConfigurationIsVisible = 0;
			defaultConfigurationName = Release;
		};
		2E886724200475D30090BCAF /* Build configuration list for PBXNativeTarget "openhouse2018Tests" */ = {
			isa = XCConfigurationList;
			buildConfigurations = (
				2E886725200475D30090BCAF /* Debug */,
				2E886726200475D30090BCAF /* Release */,
			);
			defaultConfigurationIsVisible = 0;
			defaultConfigurationName = Release;
		};
		2E886727200475D30090BCAF /* Build configuration list for PBXNativeTarget "openhouse2018UITests" */ = {
			isa = XCConfigurationList;
			buildConfigurations = (
				2E886728200475D30090BCAF /* Debug */,
				2E886729200475D30090BCAF /* Release */,
			);
			defaultConfigurationIsVisible = 0;
			defaultConfigurationName = Release;
		};
/* End XCConfigurationList section */
	};
	rootObject = 2E8866F1200475D20090BCAF /* Project object */;
}
